
Microsoft Visual Studio Solution File, Format Version 12.00
# Visual Studio Version 17
VisualStudioVersion = 17.7.34221.43
MinimumVisualStudioVersion = 10.0.40219.1
Project("{FAE04EC0-301F-11D3-BF4B-00C04F79EFBC}") = "C# examples", "C# examples\C# examples.csproj", "{5EC22D62-8CB5-4EBF-94C7-969166A4C6B3}"
EndProject
Global
	GlobalSection(SolutionConfigurationPlatforms) = preSolution
		Debug|Any CPU = Debug|Any CPU
		Release|Any CPU = Release|Any CPU
	EndGlobalSection
	GlobalSection(ProjectConfigurationPlatforms) = postSolution
		{5EC22D62-8CB5-4EBF-94C7-969166A4C6B3}.Debug|Any CPU.ActiveCfg = Debug|Any CPU
		{5EC22D62-8CB5-4EBF-94C7-969166A4C6B3}.Debug|Any CPU.Build.0 = Debug|Any CPU
		{5EC22D62-8CB5-4EBF-94C7-969166A4C6B3}.Release|Any CPU.ActiveCfg = Release|Any CPU
		{5EC22D62-8CB5-4EBF-94C7-969166A4C6B3}.Release|Any CPU.Build.0 = Release|Any CPU
	EndGlobalSection
	GlobalSection(SolutionProperties) = preSolution
		HideSolutionNode = FALSE
	EndGlobalSection
	GlobalSection(ExtensibilityGlobals) = postSolution
		SolutionGuid = {B4F07894-A640-4164-9526-D815DACC38A3}
	EndGlobalSection
EndGlobal
